
Microsoft Visual Studio Solution File, Format Version 12.00
# Visual Studio 14
VisualStudioVersion = 14.0.23107.0
MinimumVisualStudioVersion = 10.0.40219.1
Project("{8BC9CEB8-8B4A-11D0-8D11-00A0C91BC942}") = "OpenGL-Framework", "src\OpenGL-Framework\OpenGL-Framework.vcxproj", "{EF8ACC5A-8877-43F2-B3A8-DC7D5DA0DF24}"
EndProject
Project("{8BC9CEB8-8B4A-11D0-8D11-00A0C91BC942}") = "Triangle", "src\Triangle\Triangle.vcxproj", "{35B3FA3B-9DD8-4044-8E49-665ECCC929FC}"
EndProject
Project("{8BC9CEB8-8B4A-11D0-8D11-00A0C91BC942}") = "TessTriangle", "src\TessTriangle\TessTriangle.vcxproj", "{743ABC58-0DA9-473B-B388-14CA22F99620}"
EndProject
Project("{8BC9CEB8-8B4A-11D0-8D11-00A0C91BC942}") = "Grass", "src\Grass\Grass.vcxproj", "{CA66E2C3-6131-4D1E-A5A8-01E05D30DD47}"
EndProject
Project("{8BC9CEB8-8B4A-11D0-8D11-00A0C91BC942}") = "Water", "src\Water\Water.vcxproj", "{605C9F1A-44EC-4601-A564-31638A5439E0}"
EndProject
Project("{8BC9CEB8-8B4A-11D0-8D11-00A0C91BC942}") = "SkyBox", "src\SkyBox\SkyBox.vcxproj", "{CAF812D1-8509-4C20-8D73-0B60AEA0B114}"
EndProject
Project("{8BC9CEB8-8B4A-11D0-8D11-00A0C91BC942}") = "SSAO", "src\SSAO\SSAO.vcxproj", "{9AF9723C-7AC9-44D7-9E5B-CA06B108DAA8}"
EndProject
Project("{8BC9CEB8-8B4A-11D0-8D11-00A0C91BC942}") = "Hair", "src\Hair\Hair.vcxproj", "{9C46E9C6-B861-44A2-92D2-0DE9C3A27F64}"
EndProject
Project("{8BC9CEB8-8B4A-11D0-8D11-00A0C91BC942}") = "Instancing", "src\Instancing\Instancing.vcxproj", "{D98C43B5-DEF8-40CB-82A5-C6AD82881A36}"
EndProject
Project("{8BC9CEB8-8B4A-11D0-8D11-00A0C91BC942}") = "Island", "src\Island\Island.vcxproj", "{B53342E4-D9BC-4EB9-AA76-ED5A8B615A84}"
EndProject
Project("{8BC9CEB8-8B4A-11D0-8D11-00A0C91BC942}") = "Lighting", "src\Lighting\Lighting.vcxproj", "{B59A4E8E-BC0D-47C8-8780-A3727B5A666B}"
EndProject
Project("{8BC9CEB8-8B4A-11D0-8D11-00A0C91BC942}") = "Particle", "src\Particle\Particle.vcxproj", "{CF8C2512-A43C-4ED6-8E17-23C283C4B084}"
EndProject
Project("{8BC9CEB8-8B4A-11D0-8D11-00A0C91BC942}") = "PN-Triangle", "src\PN-Triangle\PN-Triangle.vcxproj", "{53565E11-126C-4EE3-B847-F7926D9B5503}"
EndProject
Project("{8BC9CEB8-8B4A-11D0-8D11-00A0C91BC942}") = "Transparency", "src\Transparency\Transparency.vcxproj", "{0E64007A-88CD-4AE8-9A02-BE94182B2177}"
EndProject
Project("{8BC9CEB8-8B4A-11D0-8D11-00A0C91BC942}") = "MeshLoad", "src\MeshLoad\MeshLoad.vcxproj", "{C04F9C59-27F9-4EBF-88E1-239EC0763D5E}"
EndProject
Project("{8BC9CEB8-8B4A-11D0-8D11-00A0C91BC942}") = "BSP", "src\BSP\BSP.vcxproj", "{EDAEA67E-A4B8-42E1-905A-E3F320F8C77A}"
EndProject
Project("{8BC9CEB8-8B4A-11D0-8D11-00A0C91BC942}") = "Smoke", "src\Smoke\Smoke.vcxproj", "{A4D08C49-C986-47CD-AB53-0F5E1956BE1E}"
EndProject
Project("{8BC9CEB8-8B4A-11D0-8D11-00A0C91BC942}") = "Font", "src\Font\Font.vcxproj", "{ADCF0C81-FCDD-4CA3-BF33-1CFAECE24980}"
EndProject
Project("{8BC9CEB8-8B4A-11D0-8D11-00A0C91BC942}") = "Audio", "src\Audio\Audio.vcxproj", "{AEB4BC4E-F952-4424-ACAD-8DE7F3A57F97}"
EndProject
Project("{8BC9CEB8-8B4A-11D0-8D11-00A0C91BC942}") = "Shadow-Volume", "src\Shadow-Volume\Shadow-Volume.vcxproj", "{DEA2D3CB-A188-4218-BBBF-91EA77731A51}"
EndProject
Project("{8BC9CEB8-8B4A-11D0-8D11-00A0C91BC942}") = "Shadow-Mapping", "src\Shadow-Mapping\Shadow-Mapping.vcxproj", "{21A86F6F-7A69-4C55-9695-C3E4C8E6C2B2}"
EndProject
Project("{2150E333-8FDC-42A3-9474-1A3956D46DE8}") = "Framework", "Framework", "{420330C2-5810-4509-AD42-2D11639B586C}"
EndProject
Project("{2150E333-8FDC-42A3-9474-1A3956D46DE8}") = "Planning", "Planning", "{39CD0219-D464-4D0A-841D-484B2E197550}"
EndProject
Project("{8BC9CEB8-8B4A-11D0-8D11-00A0C91BC942}") = "Motion-Blur", "src\Motion-Blur\Motion-Blur.vcxproj", "{AB7EDE78-71B8-45BF-9A2F-FFB4E4AF234B}"
EndProject
Project("{8BC9CEB8-8B4A-11D0-8D11-00A0C91BC942}") = "Picking", "src\Picking\Picking.vcxproj", "{F0988B85-02E5-47C1-8B07-24387D8F8961}"
EndProject
Project("{8BC9CEB8-8B4A-11D0-8D11-00A0C91BC942}") = "Billboard", "src\Billboard\Billboard.vcxproj", "{5B191992-046D-40FD-8941-18746DE23E26}"
EndProject
Project("{8BC9CEB8-8B4A-11D0-8D11-00A0C91BC942}") = "Texture", "src\Texture\Texture.vcxproj", "{EC8876F9-5AB2-49D9-A74E-280386C130AC}"
EndProject
Project("{8BC9CEB8-8B4A-11D0-8D11-00A0C91BC942}") = "Fog", "src\Fog\Fog.vcxproj", "{DB29B60C-651F-4E96-BBF1-43CD4BCCF4D7}"
EndProject
Project("{8BC9CEB8-8B4A-11D0-8D11-00A0C91BC942}") = "Occlusion-Query", "src\Occlusion-Query\Occlusion-Query.vcxproj", "{0D6529DF-3FBC-4C69-90BA-6312CDF5821B}"
EndProject
Project("{8BC9CEB8-8B4A-11D0-8D11-00A0C91BC942}") = "GPU-Raytracer", "src\GPU-Raytracer\GPU-Raytracer.vcxproj", "{A56F0945-05A5-4B1D-84EA-B71739834798}"
EndProject
Project("{8BC9CEB8-8B4A-11D0-8D11-00A0C91BC942}") = "CPU-Raytracer", "src\CPU-Raytracer\CPU-Raytracer.vcxproj", "{A9B8A025-4266-42DE-9D49-9075616AD65F}"
EndProject
Project("{8BC9CEB8-8B4A-11D0-8D11-00A0C91BC942}") = "Normal-Mapping", "src\Normal-Mapping\Normal-Mapping.vcxproj", "{36D85808-F67E-4959-8314-1C59A12ED885}"
EndProject
Project("{8BC9CEB8-8B4A-11D0-8D11-00A0C91BC942}") = "Parallax-Mapping", "src\Parallax-Mapping\Parallax-Mapping.vcxproj", "{E320EC40-3903-4279-95F1-8D4A4C8FA10C}"
EndProject
Project("{8BC9CEB8-8B4A-11D0-8D11-00A0C91BC942}") = "HDR", "src\HDR\HDR.vcxproj", "{B6E019BE-4E85-4515-9D8E-24BA7C8BE318}"
EndProject
Project("{8BC9CEB8-8B4A-11D0-8D11-00A0C91BC942}") = "Bloom", "src\Bloom\Bloom.vcxproj", "{7A44DB43-AE39-493D-B987-56024E269329}"
EndProject
Project("{8BC9CEB8-8B4A-11D0-8D11-00A0C91BC942}") = "Cubemap", "src\Cubemap\Cubemap.vcxproj", "{0A0FBD02-7EC8-4B93-BCAE-A98320738CDD}"
EndProject
Project("{8BC9CEB8-8B4A-11D0-8D11-00A0C91BC942}") = "Deferred-Shading", "src\Deferred-Shading\Deferred-Shading.vcxproj", "{33445BBA-E1DF-43AE-B83D-EEAF5658531A}"
EndProject
Project("{8BC9CEB8-8B4A-11D0-8D11-00A0C91BC942}") = "Toon-Shading", "src\Toon-Shading\Toon-Shading.vcxproj", "{9C7C8670-09F3-4DE9-AE85-FB6237903ACD}"
EndProject
Project("{8BC9CEB8-8B4A-11D0-8D11-00A0C91BC942}") = "Camera", "src\Camera\Camera.vcxproj", "{C845CE8B-48DA-4E58-87F4-57CDECCCF6BC}"
EndProject
Project("{8BC9CEB8-8B4A-11D0-8D11-00A0C91BC942}") = "OIT", "src\OIT\OIT.vcxproj", "{98E6B278-298F-45DC-B5A3-E4837E358822}"
EndProject
Project("{8BC9CEB8-8B4A-11D0-8D11-00A0C91BC942}") = "Ocean", "src\Ocean\Ocean.vcxproj", "{93ED67CD-062D-466F-9AF1-A462E45EF354}"
EndProject
Project("{8BC9CEB8-8B4A-11D0-8D11-00A0C91BC942}") = "FXAA", "src\FXAA\FXAA.vcxproj", "{190E4207-FFB3-4DF6-9E5D-0E867B063E95}"
EndProject
Project("{8BC9CEB8-8B4A-11D0-8D11-00A0C91BC942}") = "Noise", "src\Noise\Noise.vcxproj", "{53441E56-C70C-4A4B-828F-9A54DCD23A64}"
EndProject
Project("{8BC9CEB8-8B4A-11D0-8D11-00A0C91BC942}") = "Depth-Of-Field", "src\Depth-Of-Field\Depth-Of-Field.vcxproj", "{63C7D431-2433-433C-AE15-D20FF3FBD8B0}"
EndProject
Project("{8BC9CEB8-8B4A-11D0-8D11-00A0C91BC942}") = "Sprites", "src\Sprites\Sprites.vcxproj", "{9B619232-753E-4432-BB97-1D04F9C64EDA}"
EndProject
Project("{8BC9CEB8-8B4A-11D0-8D11-00A0C91BC942}") = "MSAA", "src\MSAA\MSAA.vcxproj", "{E2B9876C-D759-4135-A52A-AE6882069BBF}"
EndProject
Project("{8BC9CEB8-8B4A-11D0-8D11-00A0C91BC942}") = "Stereo", "src\Stereo\Stereo.vcxproj", "{2A077EF2-5F2D-440A-B4D1-1684A16E5A84}"
EndProject
Project("{8BC9CEB8-8B4A-11D0-8D11-00A0C91BC942}") = "Indirect-Draw", "src\Indirect-Draw\Indirect-Draw.vcxproj", "{E4BA6CD0-B909-447F-B65C-A384D3080958}"
EndProject
Project("{8BC9CEB8-8B4A-11D0-8D11-00A0C91BC942}") = "Clip", "src\Clip\Clip.vcxproj", "{E9CD56CE-AA4A-4B53-8990-BF653B896152}"
EndProject
Project("{8BC9CEB8-8B4A-11D0-8D11-00A0C91BC942}") = "Bezier", "src\Bezier\Bezier.vcxproj", "{D4818CD1-0BAA-42CF-AC2A-93A84F6FCA7B}"
EndProject
Project("{8BC9CEB8-8B4A-11D0-8D11-00A0C91BC942}") = "Viewport", "src\Viewport\Viewport.vcxproj", "{C9E28F79-F0AC-460D-8138-2DC60814BCCB}"
EndProject
Project("{8BC9CEB8-8B4A-11D0-8D11-00A0C91BC942}") = "Scissor", "src\Scissor\Scissor.vcxproj", "{98A56069-25CF-432A-827D-5285A023D651}"
EndProject
Project("{8BC9CEB8-8B4A-11D0-8D11-00A0C91BC942}") = "Conservative-Rasterization", "src\Conservative-Rasterization\Conservative-Rasterization.vcxproj", "{5FD6C0F3-B280-4417-9E58-71E43B314978}"
EndProject
Project("{8BC9CEB8-8B4A-11D0-8D11-00A0C91BC942}") = "Cloth", "src\Cloth\Cloth.vcxproj", "{5DC297FF-11E0-46DB-8A18-9BEC1EA1A854}"
EndProject
Project("{8BC9CEB8-8B4A-11D0-8D11-00A0C91BC942}") = "BDRF", "src\BDRF\BDRF.vcxproj", "{313D84E1-9D77-453B-B9D0-08CD20D93F12}"
EndProject
Project("{8BC9CEB8-8B4A-11D0-8D11-00A0C91BC942}") = "Fur", "src\Fur\Fur.vcxproj", "{9BC35D0D-ED02-4CBF-B392-48762BB288ED}"
EndProject
Project("{2150E333-8FDC-42A3-9474-1A3956D46DE8}") = "Working", "Working", "{F0E01BA8-3EA0-4D60-9240-4DCFACE165B5}"
EndProject
Project("{2150E333-8FDC-42A3-9474-1A3956D46DE8}") = "Finished", "Finished", "{22695843-1A92-4A2B-B1E1-F11188AEE058}"
EndProject
Global
	GlobalSection(SolutionConfigurationPlatforms) = preSolution
		Debug|x64 = Debug|x64
		Debug|x86 = Debug|x86
		Release|x64 = Release|x64
		Release|x86 = Release|x86
	EndGlobalSection
	GlobalSection(ProjectConfigurationPlatforms) = postSolution
		{EF8ACC5A-8877-43F2-B3A8-DC7D5DA0DF24}.Debug|x64.ActiveCfg = Debug|x64
		{EF8ACC5A-8877-43F2-B3A8-DC7D5DA0DF24}.Debug|x64.Build.0 = Debug|x64
		{EF8ACC5A-8877-43F2-B3A8-DC7D5DA0DF24}.Debug|x86.ActiveCfg = Debug|Win32
		{EF8ACC5A-8877-43F2-B3A8-DC7D5DA0DF24}.Debug|x86.Build.0 = Debug|Win32
		{EF8ACC5A-8877-43F2-B3A8-DC7D5DA0DF24}.Release|x64.ActiveCfg = Release|x64
		{EF8ACC5A-8877-43F2-B3A8-DC7D5DA0DF24}.Release|x64.Build.0 = Release|x64
		{EF8ACC5A-8877-43F2-B3A8-DC7D5DA0DF24}.Release|x86.ActiveCfg = Release|Win32
		{EF8ACC5A-8877-43F2-B3A8-DC7D5DA0DF24}.Release|x86.Build.0 = Release|Win32
		{35B3FA3B-9DD8-4044-8E49-665ECCC929FC}.Debug|x64.ActiveCfg = Debug|x64
		{35B3FA3B-9DD8-4044-8E49-665ECCC929FC}.Debug|x64.Build.0 = Debug|x64
		{35B3FA3B-9DD8-4044-8E49-665ECCC929FC}.Debug|x86.ActiveCfg = Debug|Win32
		{35B3FA3B-9DD8-4044-8E49-665ECCC929FC}.Debug|x86.Build.0 = Debug|Win32
		{35B3FA3B-9DD8-4044-8E49-665ECCC929FC}.Release|x64.ActiveCfg = Release|x64
		{35B3FA3B-9DD8-4044-8E49-665ECCC929FC}.Release|x64.Build.0 = Release|x64
		{35B3FA3B-9DD8-4044-8E49-665ECCC929FC}.Release|x86.ActiveCfg = Release|Win32
		{35B3FA3B-9DD8-4044-8E49-665ECCC929FC}.Release|x86.Build.0 = Release|Win32
		{743ABC58-0DA9-473B-B388-14CA22F99620}.Debug|x64.ActiveCfg = Debug|x64
		{743ABC58-0DA9-473B-B388-14CA22F99620}.Debug|x64.Build.0 = Debug|x64
		{743ABC58-0DA9-473B-B388-14CA22F99620}.Debug|x86.ActiveCfg = Debug|Win32
		{743ABC58-0DA9-473B-B388-14CA22F99620}.Debug|x86.Build.0 = Debug|Win32
		{743ABC58-0DA9-473B-B388-14CA22F99620}.Release|x64.ActiveCfg = Release|x64
		{743ABC58-0DA9-473B-B388-14CA22F99620}.Release|x64.Build.0 = Release|x64
		{743ABC58-0DA9-473B-B388-14CA22F99620}.Release|x86.ActiveCfg = Release|Win32
		{743ABC58-0DA9-473B-B388-14CA22F99620}.Release|x86.Build.0 = Release|Win32
		{CA66E2C3-6131-4D1E-A5A8-01E05D30DD47}.Debug|x64.ActiveCfg = Debug|x64
		{CA66E2C3-6131-4D1E-A5A8-01E05D30DD47}.Debug|x64.Build.0 = Debug|x64
		{CA66E2C3-6131-4D1E-A5A8-01E05D30DD47}.Debug|x86.ActiveCfg = Debug|Win32
		{CA66E2C3-6131-4D1E-A5A8-01E05D30DD47}.Debug|x86.Build.0 = Debug|Win32
		{CA66E2C3-6131-4D1E-A5A8-01E05D30DD47}.Release|x64.ActiveCfg = Release|x64
		{CA66E2C3-6131-4D1E-A5A8-01E05D30DD47}.Release|x64.Build.0 = Release|x64
		{CA66E2C3-6131-4D1E-A5A8-01E05D30DD47}.Release|x86.ActiveCfg = Release|Win32
		{CA66E2C3-6131-4D1E-A5A8-01E05D30DD47}.Release|x86.Build.0 = Release|Win32
		{605C9F1A-44EC-4601-A564-31638A5439E0}.Debug|x64.ActiveCfg = Debug|x64
		{605C9F1A-44EC-4601-A564-31638A5439E0}.Debug|x64.Build.0 = Debug|x64
		{605C9F1A-44EC-4601-A564-31638A5439E0}.Debug|x86.ActiveCfg = Debug|Win32
		{605C9F1A-44EC-4601-A564-31638A5439E0}.Debug|x86.Build.0 = Debug|Win32
		{605C9F1A-44EC-4601-A564-31638A5439E0}.Release|x64.ActiveCfg = Release|x64
		{605C9F1A-44EC-4601-A564-31638A5439E0}.Release|x64.Build.0 = Release|x64
		{605C9F1A-44EC-4601-A564-31638A5439E0}.Release|x86.ActiveCfg = Release|Win32
		{605C9F1A-44EC-4601-A564-31638A5439E0}.Release|x86.Build.0 = Release|Win32
		{CAF812D1-8509-4C20-8D73-0B60AEA0B114}.Debug|x64.ActiveCfg = Debug|x64
		{CAF812D1-8509-4C20-8D73-0B60AEA0B114}.Debug|x64.Build.0 = Debug|x64
		{CAF812D1-8509-4C20-8D73-0B60AEA0B114}.Debug|x86.ActiveCfg = Debug|Win32
		{CAF812D1-8509-4C20-8D73-0B60AEA0B114}.Debug|x86.Build.0 = Debug|Win32
		{CAF812D1-8509-4C20-8D73-0B60AEA0B114}.Release|x64.ActiveCfg = Release|x64
		{CAF812D1-8509-4C20-8D73-0B60AEA0B114}.Release|x64.Build.0 = Release|x64
		{CAF812D1-8509-4C20-8D73-0B60AEA0B114}.Release|x86.ActiveCfg = Release|Win32
		{CAF812D1-8509-4C20-8D73-0B60AEA0B114}.Release|x86.Build.0 = Release|Win32
		{9AF9723C-7AC9-44D7-9E5B-CA06B108DAA8}.Debug|x64.ActiveCfg = Debug|x64
		{9AF9723C-7AC9-44D7-9E5B-CA06B108DAA8}.Debug|x64.Build.0 = Debug|x64
		{9AF9723C-7AC9-44D7-9E5B-CA06B108DAA8}.Debug|x86.ActiveCfg = Debug|Win32
		{9AF9723C-7AC9-44D7-9E5B-CA06B108DAA8}.Debug|x86.Build.0 = Debug|Win32
		{9AF9723C-7AC9-44D7-9E5B-CA06B108DAA8}.Release|x64.ActiveCfg = Release|x64
		{9AF9723C-7AC9-44D7-9E5B-CA06B108DAA8}.Release|x64.Build.0 = Release|x64
		{9AF9723C-7AC9-44D7-9E5B-CA06B108DAA8}.Release|x86.ActiveCfg = Release|Win32
		{9AF9723C-7AC9-44D7-9E5B-CA06B108DAA8}.Release|x86.Build.0 = Release|Win32
		{9C46E9C6-B861-44A2-92D2-0DE9C3A27F64}.Debug|x64.ActiveCfg = Debug|x64
		{9C46E9C6-B861-44A2-92D2-0DE9C3A27F64}.Debug|x64.Build.0 = Debug|x64
		{9C46E9C6-B861-44A2-92D2-0DE9C3A27F64}.Debug|x86.ActiveCfg = Debug|Win32
		{9C46E9C6-B861-44A2-92D2-0DE9C3A27F64}.Debug|x86.Build.0 = Debug|Win32
		{9C46E9C6-B861-44A2-92D2-0DE9C3A27F64}.Release|x64.ActiveCfg = Release|x64
		{9C46E9C6-B861-44A2-92D2-0DE9C3A27F64}.Release|x64.Build.0 = Release|x64
		{9C46E9C6-B861-44A2-92D2-0DE9C3A27F64}.Release|x86.ActiveCfg = Release|Win32
		{9C46E9C6-B861-44A2-92D2-0DE9C3A27F64}.Release|x86.Build.0 = Release|Win32
		{D98C43B5-DEF8-40CB-82A5-C6AD82881A36}.Debug|x64.ActiveCfg = Debug|x64
		{D98C43B5-DEF8-40CB-82A5-C6AD82881A36}.Debug|x64.Build.0 = Debug|x64
		{D98C43B5-DEF8-40CB-82A5-C6AD82881A36}.Debug|x86.ActiveCfg = Debug|Win32
		{D98C43B5-DEF8-40CB-82A5-C6AD82881A36}.Debug|x86.Build.0 = Debug|Win32
		{D98C43B5-DEF8-40CB-82A5-C6AD82881A36}.Release|x64.ActiveCfg = Release|x64
		{D98C43B5-DEF8-40CB-82A5-C6AD82881A36}.Release|x64.Build.0 = Release|x64
		{D98C43B5-DEF8-40CB-82A5-C6AD82881A36}.Release|x86.ActiveCfg = Release|Win32
		{D98C43B5-DEF8-40CB-82A5-C6AD82881A36}.Release|x86.Build.0 = Release|Win32
		{B53342E4-D9BC-4EB9-AA76-ED5A8B615A84}.Debug|x64.ActiveCfg = Debug|x64
		{B53342E4-D9BC-4EB9-AA76-ED5A8B615A84}.Debug|x64.Build.0 = Debug|x64
		{B53342E4-D9BC-4EB9-AA76-ED5A8B615A84}.Debug|x86.ActiveCfg = Debug|Win32
		{B53342E4-D9BC-4EB9-AA76-ED5A8B615A84}.Debug|x86.Build.0 = Debug|Win32
		{B53342E4-D9BC-4EB9-AA76-ED5A8B615A84}.Release|x64.ActiveCfg = Release|x64
		{B53342E4-D9BC-4EB9-AA76-ED5A8B615A84}.Release|x64.Build.0 = Release|x64
		{B53342E4-D9BC-4EB9-AA76-ED5A8B615A84}.Release|x86.ActiveCfg = Release|Win32
		{B53342E4-D9BC-4EB9-AA76-ED5A8B615A84}.Release|x86.Build.0 = Release|Win32
		{B59A4E8E-BC0D-47C8-8780-A3727B5A666B}.Debug|x64.ActiveCfg = Debug|x64
		{B59A4E8E-BC0D-47C8-8780-A3727B5A666B}.Debug|x64.Build.0 = Debug|x64
		{B59A4E8E-BC0D-47C8-8780-A3727B5A666B}.Debug|x86.ActiveCfg = Debug|Win32
		{B59A4E8E-BC0D-47C8-8780-A3727B5A666B}.Debug|x86.Build.0 = Debug|Win32
		{B59A4E8E-BC0D-47C8-8780-A3727B5A666B}.Release|x64.ActiveCfg = Release|x64
		{B59A4E8E-BC0D-47C8-8780-A3727B5A666B}.Release|x64.Build.0 = Release|x64
		{B59A4E8E-BC0D-47C8-8780-A3727B5A666B}.Release|x86.ActiveCfg = Release|Win32
		{B59A4E8E-BC0D-47C8-8780-A3727B5A666B}.Release|x86.Build.0 = Release|Win32
		{CF8C2512-A43C-4ED6-8E17-23C283C4B084}.Debug|x64.ActiveCfg = Debug|x64
		{CF8C2512-A43C-4ED6-8E17-23C283C4B084}.Debug|x64.Build.0 = Debug|x64
		{CF8C2512-A43C-4ED6-8E17-23C283C4B084}.Debug|x86.ActiveCfg = Debug|Win32
		{CF8C2512-A43C-4ED6-8E17-23C283C4B084}.Debug|x86.Build.0 = Debug|Win32
		{CF8C2512-A43C-4ED6-8E17-23C283C4B084}.Release|x64.ActiveCfg = Release|x64
		{CF8C2512-A43C-4ED6-8E17-23C283C4B084}.Release|x64.Build.0 = Release|x64
		{CF8C2512-A43C-4ED6-8E17-23C283C4B084}.Release|x86.ActiveCfg = Release|Win32
		{CF8C2512-A43C-4ED6-8E17-23C283C4B084}.Release|x86.Build.0 = Release|Win32
		{53565E11-126C-4EE3-B847-F7926D9B5503}.Debug|x64.ActiveCfg = Debug|x64
		{53565E11-126C-4EE3-B847-F7926D9B5503}.Debug|x64.Build.0 = Debug|x64
		{53565E11-126C-4EE3-B847-F7926D9B5503}.Debug|x86.ActiveCfg = Debug|Win32
		{53565E11-126C-4EE3-B847-F7926D9B5503}.Debug|x86.Build.0 = Debug|Win32
		{53565E11-126C-4EE3-B847-F7926D9B5503}.Release|x64.ActiveCfg = Release|x64
		{53565E11-126C-4EE3-B847-F7926D9B5503}.Release|x64.Build.0 = Release|x64
		{53565E11-126C-4EE3-B847-F7926D9B5503}.Release|x86.ActiveCfg = Release|Win32
		{53565E11-126C-4EE3-B847-F7926D9B5503}.Release|x86.Build.0 = Release|Win32
		{0E64007A-88CD-4AE8-9A02-BE94182B2177}.Debug|x64.ActiveCfg = Debug|x64
		{0E64007A-88CD-4AE8-9A02-BE94182B2177}.Debug|x64.Build.0 = Debug|x64
		{0E64007A-88CD-4AE8-9A02-BE94182B2177}.Debug|x86.ActiveCfg = Debug|Win32
		{0E64007A-88CD-4AE8-9A02-BE94182B2177}.Debug|x86.Build.0 = Debug|Win32
		{0E64007A-88CD-4AE8-9A02-BE94182B2177}.Release|x64.ActiveCfg = Release|x64
		{0E64007A-88CD-4AE8-9A02-BE94182B2177}.Release|x64.Build.0 = Release|x64
		{0E64007A-88CD-4AE8-9A02-BE94182B2177}.Release|x86.ActiveCfg = Release|Win32
		{0E64007A-88CD-4AE8-9A02-BE94182B2177}.Release|x86.Build.0 = Release|Win32
		{C04F9C59-27F9-4EBF-88E1-239EC0763D5E}.Debug|x64.ActiveCfg = Debug|x64
		{C04F9C59-27F9-4EBF-88E1-239EC0763D5E}.Debug|x64.Build.0 = Debug|x64
		{C04F9C59-27F9-4EBF-88E1-239EC0763D5E}.Debug|x86.ActiveCfg = Debug|Win32
		{C04F9C59-27F9-4EBF-88E1-239EC0763D5E}.Debug|x86.Build.0 = Debug|Win32
		{C04F9C59-27F9-4EBF-88E1-239EC0763D5E}.Release|x64.ActiveCfg = Release|x64
		{C04F9C59-27F9-4EBF-88E1-239EC0763D5E}.Release|x64.Build.0 = Release|x64
		{C04F9C59-27F9-4EBF-88E1-239EC0763D5E}.Release|x86.ActiveCfg = Release|Win32
		{C04F9C59-27F9-4EBF-88E1-239EC0763D5E}.Release|x86.Build.0 = Release|Win32
		{EDAEA67E-A4B8-42E1-905A-E3F320F8C77A}.Debug|x64.ActiveCfg = Debug|x64
		{EDAEA67E-A4B8-42E1-905A-E3F320F8C77A}.Debug|x64.Build.0 = Debug|x64
		{EDAEA67E-A4B8-42E1-905A-E3F320F8C77A}.Debug|x86.ActiveCfg = Debug|Win32
		{EDAEA67E-A4B8-42E1-905A-E3F320F8C77A}.Debug|x86.Build.0 = Debug|Win32
		{EDAEA67E-A4B8-42E1-905A-E3F320F8C77A}.Release|x64.ActiveCfg = Release|x64
		{EDAEA67E-A4B8-42E1-905A-E3F320F8C77A}.Release|x64.Build.0 = Release|x64
		{EDAEA67E-A4B8-42E1-905A-E3F320F8C77A}.Release|x86.ActiveCfg = Release|Win32
		{EDAEA67E-A4B8-42E1-905A-E3F320F8C77A}.Release|x86.Build.0 = Release|Win32
		{A4D08C49-C986-47CD-AB53-0F5E1956BE1E}.Debug|x64.ActiveCfg = Debug|x64
		{A4D08C49-C986-47CD-AB53-0F5E1956BE1E}.Debug|x64.Build.0 = Debug|x64
		{A4D08C49-C986-47CD-AB53-0F5E1956BE1E}.Debug|x86.ActiveCfg = Debug|Win32
		{A4D08C49-C986-47CD-AB53-0F5E1956BE1E}.Debug|x86.Build.0 = Debug|Win32
		{A4D08C49-C986-47CD-AB53-0F5E1956BE1E}.Release|x64.ActiveCfg = Release|x64
		{A4D08C49-C986-47CD-AB53-0F5E1956BE1E}.Release|x64.Build.0 = Release|x64
		{A4D08C49-C986-47CD-AB53-0F5E1956BE1E}.Release|x86.ActiveCfg = Release|Win32
		{A4D08C49-C986-47CD-AB53-0F5E1956BE1E}.Release|x86.Build.0 = Release|Win32
		{ADCF0C81-FCDD-4CA3-BF33-1CFAECE24980}.Debug|x64.ActiveCfg = Debug|x64
		{ADCF0C81-FCDD-4CA3-BF33-1CFAECE24980}.Debug|x64.Build.0 = Debug|x64
		{ADCF0C81-FCDD-4CA3-BF33-1CFAECE24980}.Debug|x86.ActiveCfg = Debug|Win32
		{ADCF0C81-FCDD-4CA3-BF33-1CFAECE24980}.Debug|x86.Build.0 = Debug|Win32
		{ADCF0C81-FCDD-4CA3-BF33-1CFAECE24980}.Release|x64.ActiveCfg = Release|x64
		{ADCF0C81-FCDD-4CA3-BF33-1CFAECE24980}.Release|x64.Build.0 = Release|x64
		{ADCF0C81-FCDD-4CA3-BF33-1CFAECE24980}.Release|x86.ActiveCfg = Release|Win32
		{ADCF0C81-FCDD-4CA3-BF33-1CFAECE24980}.Release|x86.Build.0 = Release|Win32
		{AEB4BC4E-F952-4424-ACAD-8DE7F3A57F97}.Debug|x64.ActiveCfg = Debug|x64
		{AEB4BC4E-F952-4424-ACAD-8DE7F3A57F97}.Debug|x64.Build.0 = Debug|x64
		{AEB4BC4E-F952-4424-ACAD-8DE7F3A57F97}.Debug|x86.ActiveCfg = Debug|Win32
		{AEB4BC4E-F952-4424-ACAD-8DE7F3A57F97}.Debug|x86.Build.0 = Debug|Win32
		{AEB4BC4E-F952-4424-ACAD-8DE7F3A57F97}.Release|x64.ActiveCfg = Release|x64
		{AEB4BC4E-F952-4424-ACAD-8DE7F3A57F97}.Release|x64.Build.0 = Release|x64
		{AEB4BC4E-F952-4424-ACAD-8DE7F3A57F97}.Release|x86.ActiveCfg = Release|Win32
		{AEB4BC4E-F952-4424-ACAD-8DE7F3A57F97}.Release|x86.Build.0 = Release|Win32
		{DEA2D3CB-A188-4218-BBBF-91EA77731A51}.Debug|x64.ActiveCfg = Debug|x64
		{DEA2D3CB-A188-4218-BBBF-91EA77731A51}.Debug|x64.Build.0 = Debug|x64
		{DEA2D3CB-A188-4218-BBBF-91EA77731A51}.Debug|x86.ActiveCfg = Debug|Win32
		{DEA2D3CB-A188-4218-BBBF-91EA77731A51}.Debug|x86.Build.0 = Debug|Win32
		{DEA2D3CB-A188-4218-BBBF-91EA77731A51}.Release|x64.ActiveCfg = Release|x64
		{DEA2D3CB-A188-4218-BBBF-91EA77731A51}.Release|x64.Build.0 = Release|x64
		{DEA2D3CB-A188-4218-BBBF-91EA77731A51}.Release|x86.ActiveCfg = Release|Win32
		{DEA2D3CB-A188-4218-BBBF-91EA77731A51}.Release|x86.Build.0 = Release|Win32
		{21A86F6F-7A69-4C55-9695-C3E4C8E6C2B2}.Debug|x64.ActiveCfg = Debug|x64
		{21A86F6F-7A69-4C55-9695-C3E4C8E6C2B2}.Debug|x64.Build.0 = Debug|x64
		{21A86F6F-7A69-4C55-9695-C3E4C8E6C2B2}.Debug|x86.ActiveCfg = Debug|Win32
		{21A86F6F-7A69-4C55-9695-C3E4C8E6C2B2}.Debug|x86.Build.0 = Debug|Win32
		{21A86F6F-7A69-4C55-9695-C3E4C8E6C2B2}.Release|x64.ActiveCfg = Release|x64
		{21A86F6F-7A69-4C55-9695-C3E4C8E6C2B2}.Release|x64.Build.0 = Release|x64
		{21A86F6F-7A69-4C55-9695-C3E4C8E6C2B2}.Release|x86.ActiveCfg = Release|Win32
		{21A86F6F-7A69-4C55-9695-C3E4C8E6C2B2}.Release|x86.Build.0 = Release|Win32
		{AB7EDE78-71B8-45BF-9A2F-FFB4E4AF234B}.Debug|x64.ActiveCfg = Debug|x64
		{AB7EDE78-71B8-45BF-9A2F-FFB4E4AF234B}.Debug|x64.Build.0 = Debug|x64
		{AB7EDE78-71B8-45BF-9A2F-FFB4E4AF234B}.Debug|x86.ActiveCfg = Debug|Win32
		{AB7EDE78-71B8-45BF-9A2F-FFB4E4AF234B}.Debug|x86.Build.0 = Debug|Win32
		{AB7EDE78-71B8-45BF-9A2F-FFB4E4AF234B}.Release|x64.ActiveCfg = Release|x64
		{AB7EDE78-71B8-45BF-9A2F-FFB4E4AF234B}.Release|x64.Build.0 = Release|x64
		{AB7EDE78-71B8-45BF-9A2F-FFB4E4AF234B}.Release|x86.ActiveCfg = Release|Win32
		{AB7EDE78-71B8-45BF-9A2F-FFB4E4AF234B}.Release|x86.Build.0 = Release|Win32
		{F0988B85-02E5-47C1-8B07-24387D8F8961}.Debug|x64.ActiveCfg = Debug|x64
		{F0988B85-02E5-47C1-8B07-24387D8F8961}.Debug|x64.Build.0 = Debug|x64
		{F0988B85-02E5-47C1-8B07-24387D8F8961}.Debug|x86.ActiveCfg = Debug|Win32
		{F0988B85-02E5-47C1-8B07-24387D8F8961}.Debug|x86.Build.0 = Debug|Win32
		{F0988B85-02E5-47C1-8B07-24387D8F8961}.Release|x64.ActiveCfg = Release|x64
		{F0988B85-02E5-47C1-8B07-24387D8F8961}.Release|x64.Build.0 = Release|x64
		{F0988B85-02E5-47C1-8B07-24387D8F8961}.Release|x86.ActiveCfg = Release|Win32
		{F0988B85-02E5-47C1-8B07-24387D8F8961}.Release|x86.Build.0 = Release|Win32
		{5B191992-046D-40FD-8941-18746DE23E26}.Debug|x64.ActiveCfg = Debug|x64
		{5B191992-046D-40FD-8941-18746DE23E26}.Debug|x64.Build.0 = Debug|x64
		{5B191992-046D-40FD-8941-18746DE23E26}.Debug|x86.ActiveCfg = Debug|Win32
		{5B191992-046D-40FD-8941-18746DE23E26}.Debug|x86.Build.0 = Debug|Win32
		{5B191992-046D-40FD-8941-18746DE23E26}.Release|x64.ActiveCfg = Release|x64
		{5B191992-046D-40FD-8941-18746DE23E26}.Release|x64.Build.0 = Release|x64
		{5B191992-046D-40FD-8941-18746DE23E26}.Release|x86.ActiveCfg = Release|Win32
		{5B191992-046D-40FD-8941-18746DE23E26}.Release|x86.Build.0 = Release|Win32
		{EC8876F9-5AB2-49D9-A74E-280386C130AC}.Debug|x64.ActiveCfg = Debug|x64
		{EC8876F9-5AB2-49D9-A74E-280386C130AC}.Debug|x64.Build.0 = Debug|x64
		{EC8876F9-5AB2-49D9-A74E-280386C130AC}.Debug|x86.ActiveCfg = Debug|Win32
		{EC8876F9-5AB2-49D9-A74E-280386C130AC}.Debug|x86.Build.0 = Debug|Win32
		{EC8876F9-5AB2-49D9-A74E-280386C130AC}.Release|x64.ActiveCfg = Release|x64
		{EC8876F9-5AB2-49D9-A74E-280386C130AC}.Release|x64.Build.0 = Release|x64
		{EC8876F9-5AB2-49D9-A74E-280386C130AC}.Release|x86.ActiveCfg = Release|Win32
		{EC8876F9-5AB2-49D9-A74E-280386C130AC}.Release|x86.Build.0 = Release|Win32
		{DB29B60C-651F-4E96-BBF1-43CD4BCCF4D7}.Debug|x64.ActiveCfg = Debug|x64
		{DB29B60C-651F-4E96-BBF1-43CD4BCCF4D7}.Debug|x64.Build.0 = Debug|x64
		{DB29B60C-651F-4E96-BBF1-43CD4BCCF4D7}.Debug|x86.ActiveCfg = Debug|Win32
		{DB29B60C-651F-4E96-BBF1-43CD4BCCF4D7}.Debug|x86.Build.0 = Debug|Win32
		{DB29B60C-651F-4E96-BBF1-43CD4BCCF4D7}.Release|x64.ActiveCfg = Release|x64
		{DB29B60C-651F-4E96-BBF1-43CD4BCCF4D7}.Release|x64.Build.0 = Release|x64
		{DB29B60C-651F-4E96-BBF1-43CD4BCCF4D7}.Release|x86.ActiveCfg = Release|Win32
		{DB29B60C-651F-4E96-BBF1-43CD4BCCF4D7}.Release|x86.Build.0 = Release|Win32
		{0D6529DF-3FBC-4C69-90BA-6312CDF5821B}.Debug|x64.ActiveCfg = Debug|x64
		{0D6529DF-3FBC-4C69-90BA-6312CDF5821B}.Debug|x64.Build.0 = Debug|x64
		{0D6529DF-3FBC-4C69-90BA-6312CDF5821B}.Debug|x86.ActiveCfg = Debug|Win32
		{0D6529DF-3FBC-4C69-90BA-6312CDF5821B}.Debug|x86.Build.0 = Debug|Win32
		{0D6529DF-3FBC-4C69-90BA-6312CDF5821B}.Release|x64.ActiveCfg = Release|x64
		{0D6529DF-3FBC-4C69-90BA-6312CDF5821B}.Release|x64.Build.0 = Release|x64
		{0D6529DF-3FBC-4C69-90BA-6312CDF5821B}.Release|x86.ActiveCfg = Release|Win32
		{0D6529DF-3FBC-4C69-90BA-6312CDF5821B}.Release|x86.Build.0 = Release|Win32
		{A56F0945-05A5-4B1D-84EA-B71739834798}.Debug|x64.ActiveCfg = Debug|x64
		{A56F0945-05A5-4B1D-84EA-B71739834798}.Debug|x64.Build.0 = Debug|x64
		{A56F0945-05A5-4B1D-84EA-B71739834798}.Debug|x86.ActiveCfg = Debug|Win32
		{A56F0945-05A5-4B1D-84EA-B71739834798}.Debug|x86.Build.0 = Debug|Win32
		{A56F0945-05A5-4B1D-84EA-B71739834798}.Release|x64.ActiveCfg = Release|x64
		{A56F0945-05A5-4B1D-84EA-B71739834798}.Release|x64.Build.0 = Release|x64
		{A56F0945-05A5-4B1D-84EA-B71739834798}.Release|x86.ActiveCfg = Release|Win32
		{A56F0945-05A5-4B1D-84EA-B71739834798}.Release|x86.Build.0 = Release|Win32
		{A9B8A025-4266-42DE-9D49-9075616AD65F}.Debug|x64.ActiveCfg = Debug|x64
		{A9B8A025-4266-42DE-9D49-9075616AD65F}.Debug|x64.Build.0 = Debug|x64
		{A9B8A025-4266-42DE-9D49-9075616AD65F}.Debug|x86.ActiveCfg = Debug|Win32
		{A9B8A025-4266-42DE-9D49-9075616AD65F}.Debug|x86.Build.0 = Debug|Win32
		{A9B8A025-4266-42DE-9D49-9075616AD65F}.Release|x64.ActiveCfg = Release|x64
		{A9B8A025-4266-42DE-9D49-9075616AD65F}.Release|x64.Build.0 = Release|x64
		{A9B8A025-4266-42DE-9D49-9075616AD65F}.Release|x86.ActiveCfg = Release|Win32
		{A9B8A025-4266-42DE-9D49-9075616AD65F}.Release|x86.Build.0 = Release|Win32
		{36D85808-F67E-4959-8314-1C59A12ED885}.Debug|x64.ActiveCfg = Debug|x64
		{36D85808-F67E-4959-8314-1C59A12ED885}.Debug|x64.Build.0 = Debug|x64
		{36D85808-F67E-4959-8314-1C59A12ED885}.Debug|x86.ActiveCfg = Debug|Win32
		{36D85808-F67E-4959-8314-1C59A12ED885}.Debug|x86.Build.0 = Debug|Win32
		{36D85808-F67E-4959-8314-1C59A12ED885}.Release|x64.ActiveCfg = Release|x64
		{36D85808-F67E-4959-8314-1C59A12ED885}.Release|x64.Build.0 = Release|x64
		{36D85808-F67E-4959-8314-1C59A12ED885}.Release|x86.ActiveCfg = Release|Win32
		{36D85808-F67E-4959-8314-1C59A12ED885}.Release|x86.Build.0 = Release|Win32
		{E320EC40-3903-4279-95F1-8D4A4C8FA10C}.Debug|x64.ActiveCfg = Debug|x64
		{E320EC40-3903-4279-95F1-8D4A4C8FA10C}.Debug|x64.Build.0 = Debug|x64
		{E320EC40-3903-4279-95F1-8D4A4C8FA10C}.Debug|x86.ActiveCfg = Debug|Win32
		{E320EC40-3903-4279-95F1-8D4A4C8FA10C}.Debug|x86.Build.0 = Debug|Win32
		{E320EC40-3903-4279-95F1-8D4A4C8FA10C}.Release|x64.ActiveCfg = Release|x64
		{E320EC40-3903-4279-95F1-8D4A4C8FA10C}.Release|x64.Build.0 = Release|x64
		{E320EC40-3903-4279-95F1-8D4A4C8FA10C}.Release|x86.ActiveCfg = Release|Win32
		{E320EC40-3903-4279-95F1-8D4A4C8FA10C}.Release|x86.Build.0 = Release|Win32
		{B6E019BE-4E85-4515-9D8E-24BA7C8BE318}.Debug|x64.ActiveCfg = Debug|x64
		{B6E019BE-4E85-4515-9D8E-24BA7C8BE318}.Debug|x64.Build.0 = Debug|x64
		{B6E019BE-4E85-4515-9D8E-24BA7C8BE318}.Debug|x86.ActiveCfg = Debug|Win32
		{B6E019BE-4E85-4515-9D8E-24BA7C8BE318}.Debug|x86.Build.0 = Debug|Win32
		{B6E019BE-4E85-4515-9D8E-24BA7C8BE318}.Release|x64.ActiveCfg = Release|x64
		{B6E019BE-4E85-4515-9D8E-24BA7C8BE318}.Release|x64.Build.0 = Release|x64
		{B6E019BE-4E85-4515-9D8E-24BA7C8BE318}.Release|x86.ActiveCfg = Release|Win32
		{B6E019BE-4E85-4515-9D8E-24BA7C8BE318}.Release|x86.Build.0 = Release|Win32
		{7A44DB43-AE39-493D-B987-56024E269329}.Debug|x64.ActiveCfg = Debug|x64
		{7A44DB43-AE39-493D-B987-56024E269329}.Debug|x64.Build.0 = Debug|x64
		{7A44DB43-AE39-493D-B987-56024E269329}.Debug|x86.ActiveCfg = Debug|Win32
		{7A44DB43-AE39-493D-B987-56024E269329}.Debug|x86.Build.0 = Debug|Win32
		{7A44DB43-AE39-493D-B987-56024E269329}.Release|x64.ActiveCfg = Release|x64
		{7A44DB43-AE39-493D-B987-56024E269329}.Release|x64.Build.0 = Release|x64
		{7A44DB43-AE39-493D-B987-56024E269329}.Release|x86.ActiveCfg = Release|Win32
		{7A44DB43-AE39-493D-B987-56024E269329}.Release|x86.Build.0 = Release|Win32
		{0A0FBD02-7EC8-4B93-BCAE-A98320738CDD}.Debug|x64.ActiveCfg = Debug|x64
		{0A0FBD02-7EC8-4B93-BCAE-A98320738CDD}.Debug|x64.Build.0 = Debug|x64
		{0A0FBD02-7EC8-4B93-BCAE-A98320738CDD}.Debug|x86.ActiveCfg = Debug|Win32
		{0A0FBD02-7EC8-4B93-BCAE-A98320738CDD}.Debug|x86.Build.0 = Debug|Win32
		{0A0FBD02-7EC8-4B93-BCAE-A98320738CDD}.Release|x64.ActiveCfg = Release|x64
		{0A0FBD02-7EC8-4B93-BCAE-A98320738CDD}.Release|x64.Build.0 = Release|x64
		{0A0FBD02-7EC8-4B93-BCAE-A98320738CDD}.Release|x86.ActiveCfg = Release|Win32
		{0A0FBD02-7EC8-4B93-BCAE-A98320738CDD}.Release|x86.Build.0 = Release|Win32
		{33445BBA-E1DF-43AE-B83D-EEAF5658531A}.Debug|x64.ActiveCfg = Debug|x64
		{33445BBA-E1DF-43AE-B83D-EEAF5658531A}.Debug|x64.Build.0 = Debug|x64
		{33445BBA-E1DF-43AE-B83D-EEAF5658531A}.Debug|x86.ActiveCfg = Debug|Win32
		{33445BBA-E1DF-43AE-B83D-EEAF5658531A}.Debug|x86.Build.0 = Debug|Win32
		{33445BBA-E1DF-43AE-B83D-EEAF5658531A}.Release|x64.ActiveCfg = Release|x64
		{33445BBA-E1DF-43AE-B83D-EEAF5658531A}.Release|x64.Build.0 = Release|x64
		{33445BBA-E1DF-43AE-B83D-EEAF5658531A}.Release|x86.ActiveCfg = Release|Win32
		{33445BBA-E1DF-43AE-B83D-EEAF5658531A}.Release|x86.Build.0 = Release|Win32
		{9C7C8670-09F3-4DE9-AE85-FB6237903ACD}.Debug|x64.ActiveCfg = Debug|x64
		{9C7C8670-09F3-4DE9-AE85-FB6237903ACD}.Debug|x64.Build.0 = Debug|x64
		{9C7C8670-09F3-4DE9-AE85-FB6237903ACD}.Debug|x86.ActiveCfg = Debug|Win32
		{9C7C8670-09F3-4DE9-AE85-FB6237903ACD}.Debug|x86.Build.0 = Debug|Win32
		{9C7C8670-09F3-4DE9-AE85-FB6237903ACD}.Release|x64.ActiveCfg = Release|x64
		{9C7C8670-09F3-4DE9-AE85-FB6237903ACD}.Release|x64.Build.0 = Release|x64
		{9C7C8670-09F3-4DE9-AE85-FB6237903ACD}.Release|x86.ActiveCfg = Release|Win32
		{9C7C8670-09F3-4DE9-AE85-FB6237903ACD}.Release|x86.Build.0 = Release|Win32
		{C845CE8B-48DA-4E58-87F4-57CDECCCF6BC}.Debug|x64.ActiveCfg = Debug|x64
		{C845CE8B-48DA-4E58-87F4-57CDECCCF6BC}.Debug|x64.Build.0 = Debug|x64
		{C845CE8B-48DA-4E58-87F4-57CDECCCF6BC}.Debug|x86.ActiveCfg = Debug|Win32
		{C845CE8B-48DA-4E58-87F4-57CDECCCF6BC}.Debug|x86.Build.0 = Debug|Win32
		{C845CE8B-48DA-4E58-87F4-57CDECCCF6BC}.Release|x64.ActiveCfg = Release|x64
		{C845CE8B-48DA-4E58-87F4-57CDECCCF6BC}.Release|x64.Build.0 = Release|x64
		{C845CE8B-48DA-4E58-87F4-57CDECCCF6BC}.Release|x86.ActiveCfg = Release|Win32
		{C845CE8B-48DA-4E58-87F4-57CDECCCF6BC}.Release|x86.Build.0 = Release|Win32
		{98E6B278-298F-45DC-B5A3-E4837E358822}.Debug|x64.ActiveCfg = Debug|x64
		{98E6B278-298F-45DC-B5A3-E4837E358822}.Debug|x64.Build.0 = Debug|x64
		{98E6B278-298F-45DC-B5A3-E4837E358822}.Debug|x86.ActiveCfg = Debug|Win32
		{98E6B278-298F-45DC-B5A3-E4837E358822}.Debug|x86.Build.0 = Debug|Win32
		{98E6B278-298F-45DC-B5A3-E4837E358822}.Release|x64.ActiveCfg = Release|x64
		{98E6B278-298F-45DC-B5A3-E4837E358822}.Release|x64.Build.0 = Release|x64
		{98E6B278-298F-45DC-B5A3-E4837E358822}.Release|x86.ActiveCfg = Release|Win32
		{98E6B278-298F-45DC-B5A3-E4837E358822}.Release|x86.Build.0 = Release|Win32
		{93ED67CD-062D-466F-9AF1-A462E45EF354}.Debug|x64.ActiveCfg = Debug|x64
		{93ED67CD-062D-466F-9AF1-A462E45EF354}.Debug|x64.Build.0 = Debug|x64
		{93ED67CD-062D-466F-9AF1-A462E45EF354}.Debug|x86.ActiveCfg = Debug|Win32
		{93ED67CD-062D-466F-9AF1-A462E45EF354}.Debug|x86.Build.0 = Debug|Win32
		{93ED67CD-062D-466F-9AF1-A462E45EF354}.Release|x64.ActiveCfg = Release|x64
		{93ED67CD-062D-466F-9AF1-A462E45EF354}.Release|x64.Build.0 = Release|x64
		{93ED67CD-062D-466F-9AF1-A462E45EF354}.Release|x86.ActiveCfg = Release|Win32
		{93ED67CD-062D-466F-9AF1-A462E45EF354}.Release|x86.Build.0 = Release|Win32
		{190E4207-FFB3-4DF6-9E5D-0E867B063E95}.Debug|x64.ActiveCfg = Debug|x64
		{190E4207-FFB3-4DF6-9E5D-0E867B063E95}.Debug|x64.Build.0 = Debug|x64
		{190E4207-FFB3-4DF6-9E5D-0E867B063E95}.Debug|x86.ActiveCfg = Debug|Win32
		{190E4207-FFB3-4DF6-9E5D-0E867B063E95}.Debug|x86.Build.0 = Debug|Win32
		{190E4207-FFB3-4DF6-9E5D-0E867B063E95}.Release|x64.ActiveCfg = Release|x64
		{190E4207-FFB3-4DF6-9E5D-0E867B063E95}.Release|x64.Build.0 = Release|x64
		{190E4207-FFB3-4DF6-9E5D-0E867B063E95}.Release|x86.ActiveCfg = Release|Win32
		{190E4207-FFB3-4DF6-9E5D-0E867B063E95}.Release|x86.Build.0 = Release|Win32
		{53441E56-C70C-4A4B-828F-9A54DCD23A64}.Debug|x64.ActiveCfg = Debug|x64
		{53441E56-C70C-4A4B-828F-9A54DCD23A64}.Debug|x64.Build.0 = Debug|x64
		{53441E56-C70C-4A4B-828F-9A54DCD23A64}.Debug|x86.ActiveCfg = Debug|Win32
		{53441E56-C70C-4A4B-828F-9A54DCD23A64}.Debug|x86.Build.0 = Debug|Win32
		{53441E56-C70C-4A4B-828F-9A54DCD23A64}.Release|x64.ActiveCfg = Release|x64
		{53441E56-C70C-4A4B-828F-9A54DCD23A64}.Release|x64.Build.0 = Release|x64
		{53441E56-C70C-4A4B-828F-9A54DCD23A64}.Release|x86.ActiveCfg = Release|Win32
		{53441E56-C70C-4A4B-828F-9A54DCD23A64}.Release|x86.Build.0 = Release|Win32
		{63C7D431-2433-433C-AE15-D20FF3FBD8B0}.Debug|x64.ActiveCfg = Debug|x64
		{63C7D431-2433-433C-AE15-D20FF3FBD8B0}.Debug|x64.Build.0 = Debug|x64
		{63C7D431-2433-433C-AE15-D20FF3FBD8B0}.Debug|x86.ActiveCfg = Debug|Win32
		{63C7D431-2433-433C-AE15-D20FF3FBD8B0}.Debug|x86.Build.0 = Debug|Win32
		{63C7D431-2433-433C-AE15-D20FF3FBD8B0}.Release|x64.ActiveCfg = Release|x64
		{63C7D431-2433-433C-AE15-D20FF3FBD8B0}.Release|x64.Build.0 = Release|x64
		{63C7D431-2433-433C-AE15-D20FF3FBD8B0}.Release|x86.ActiveCfg = Release|Win32
		{63C7D431-2433-433C-AE15-D20FF3FBD8B0}.Release|x86.Build.0 = Release|Win32
		{9B619232-753E-4432-BB97-1D04F9C64EDA}.Debug|x64.ActiveCfg = Debug|x64
		{9B619232-753E-4432-BB97-1D04F9C64EDA}.Debug|x64.Build.0 = Debug|x64
		{9B619232-753E-4432-BB97-1D04F9C64EDA}.Debug|x86.ActiveCfg = Debug|Win32
		{9B619232-753E-4432-BB97-1D04F9C64EDA}.Debug|x86.Build.0 = Debug|Win32
		{9B619232-753E-4432-BB97-1D04F9C64EDA}.Release|x64.ActiveCfg = Release|x64
		{9B619232-753E-4432-BB97-1D04F9C64EDA}.Release|x64.Build.0 = Release|x64
		{9B619232-753E-4432-BB97-1D04F9C64EDA}.Release|x86.ActiveCfg = Release|Win32
		{9B619232-753E-4432-BB97-1D04F9C64EDA}.Release|x86.Build.0 = Release|Win32
		{E2B9876C-D759-4135-A52A-AE6882069BBF}.Debug|x64.ActiveCfg = Debug|x64
		{E2B9876C-D759-4135-A52A-AE6882069BBF}.Debug|x64.Build.0 = Debug|x64
		{E2B9876C-D759-4135-A52A-AE6882069BBF}.Debug|x86.ActiveCfg = Debug|Win32
		{E2B9876C-D759-4135-A52A-AE6882069BBF}.Debug|x86.Build.0 = Debug|Win32
		{E2B9876C-D759-4135-A52A-AE6882069BBF}.Release|x64.ActiveCfg = Release|x64
		{E2B9876C-D759-4135-A52A-AE6882069BBF}.Release|x64.Build.0 = Release|x64
		{E2B9876C-D759-4135-A52A-AE6882069BBF}.Release|x86.ActiveCfg = Release|Win32
		{E2B9876C-D759-4135-A52A-AE6882069BBF}.Release|x86.Build.0 = Release|Win32
		{2A077EF2-5F2D-440A-B4D1-1684A16E5A84}.Debug|x64.ActiveCfg = Debug|x64
		{2A077EF2-5F2D-440A-B4D1-1684A16E5A84}.Debug|x64.Build.0 = Debug|x64
		{2A077EF2-5F2D-440A-B4D1-1684A16E5A84}.Debug|x86.ActiveCfg = Debug|Win32
		{2A077EF2-5F2D-440A-B4D1-1684A16E5A84}.Debug|x86.Build.0 = Debug|Win32
		{2A077EF2-5F2D-440A-B4D1-1684A16E5A84}.Release|x64.ActiveCfg = Release|x64
		{2A077EF2-5F2D-440A-B4D1-1684A16E5A84}.Release|x64.Build.0 = Release|x64
		{2A077EF2-5F2D-440A-B4D1-1684A16E5A84}.Release|x86.ActiveCfg = Release|Win32
		{2A077EF2-5F2D-440A-B4D1-1684A16E5A84}.Release|x86.Build.0 = Release|Win32
		{E4BA6CD0-B909-447F-B65C-A384D3080958}.Debug|x64.ActiveCfg = Debug|x64
		{E4BA6CD0-B909-447F-B65C-A384D3080958}.Debug|x64.Build.0 = Debug|x64
		{E4BA6CD0-B909-447F-B65C-A384D3080958}.Debug|x86.ActiveCfg = Debug|Win32
		{E4BA6CD0-B909-447F-B65C-A384D3080958}.Debug|x86.Build.0 = Debug|Win32
		{E4BA6CD0-B909-447F-B65C-A384D3080958}.Release|x64.ActiveCfg = Release|x64
		{E4BA6CD0-B909-447F-B65C-A384D3080958}.Release|x64.Build.0 = Release|x64
		{E4BA6CD0-B909-447F-B65C-A384D3080958}.Release|x86.ActiveCfg = Release|Win32
		{E4BA6CD0-B909-447F-B65C-A384D3080958}.Release|x86.Build.0 = Release|Win32
		{E9CD56CE-AA4A-4B53-8990-BF653B896152}.Debug|x64.ActiveCfg = Debug|x64
		{E9CD56CE-AA4A-4B53-8990-BF653B896152}.Debug|x64.Build.0 = Debug|x64
		{E9CD56CE-AA4A-4B53-8990-BF653B896152}.Debug|x86.ActiveCfg = Debug|Win32
		{E9CD56CE-AA4A-4B53-8990-BF653B896152}.Debug|x86.Build.0 = Debug|Win32
		{E9CD56CE-AA4A-4B53-8990-BF653B896152}.Release|x64.ActiveCfg = Release|x64
		{E9CD56CE-AA4A-4B53-8990-BF653B896152}.Release|x64.Build.0 = Release|x64
		{E9CD56CE-AA4A-4B53-8990-BF653B896152}.Release|x86.ActiveCfg = Release|Win32
		{E9CD56CE-AA4A-4B53-8990-BF653B896152}.Release|x86.Build.0 = Release|Win32
		{D4818CD1-0BAA-42CF-AC2A-93A84F6FCA7B}.Debug|x64.ActiveCfg = Debug|x64
		{D4818CD1-0BAA-42CF-AC2A-93A84F6FCA7B}.Debug|x64.Build.0 = Debug|x64
		{D4818CD1-0BAA-42CF-AC2A-93A84F6FCA7B}.Debug|x86.ActiveCfg = Debug|Win32
		{D4818CD1-0BAA-42CF-AC2A-93A84F6FCA7B}.Debug|x86.Build.0 = Debug|Win32
		{D4818CD1-0BAA-42CF-AC2A-93A84F6FCA7B}.Release|x64.ActiveCfg = Release|x64
		{D4818CD1-0BAA-42CF-AC2A-93A84F6FCA7B}.Release|x64.Build.0 = Release|x64
		{D4818CD1-0BAA-42CF-AC2A-93A84F6FCA7B}.Release|x86.ActiveCfg = Release|Win32
		{D4818CD1-0BAA-42CF-AC2A-93A84F6FCA7B}.Release|x86.Build.0 = Release|Win32
		{C9E28F79-F0AC-460D-8138-2DC60814BCCB}.Debug|x64.ActiveCfg = Debug|x64
		{C9E28F79-F0AC-460D-8138-2DC60814BCCB}.Debug|x64.Build.0 = Debug|x64
		{C9E28F79-F0AC-460D-8138-2DC60814BCCB}.Debug|x86.ActiveCfg = Debug|Win32
		{C9E28F79-F0AC-460D-8138-2DC60814BCCB}.Debug|x86.Build.0 = Debug|Win32
		{C9E28F79-F0AC-460D-8138-2DC60814BCCB}.Release|x64.ActiveCfg = Release|x64
		{C9E28F79-F0AC-460D-8138-2DC60814BCCB}.Release|x64.Build.0 = Release|x64
		{C9E28F79-F0AC-460D-8138-2DC60814BCCB}.Release|x86.ActiveCfg = Release|Win32
		{C9E28F79-F0AC-460D-8138-2DC60814BCCB}.Release|x86.Build.0 = Release|Win32
		{98A56069-25CF-432A-827D-5285A023D651}.Debug|x64.ActiveCfg = Debug|x64
		{98A56069-25CF-432A-827D-5285A023D651}.Debug|x64.Build.0 = Debug|x64
		{98A56069-25CF-432A-827D-5285A023D651}.Debug|x86.ActiveCfg = Debug|Win32
		{98A56069-25CF-432A-827D-5285A023D651}.Debug|x86.Build.0 = Debug|Win32
		{98A56069-25CF-432A-827D-5285A023D651}.Release|x64.ActiveCfg = Release|x64
		{98A56069-25CF-432A-827D-5285A023D651}.Release|x64.Build.0 = Release|x64
		{98A56069-25CF-432A-827D-5285A023D651}.Release|x86.ActiveCfg = Release|Win32
		{98A56069-25CF-432A-827D-5285A023D651}.Release|x86.Build.0 = Release|Win32
		{5FD6C0F3-B280-4417-9E58-71E43B314978}.Debug|x64.ActiveCfg = Debug|x64
		{5FD6C0F3-B280-4417-9E58-71E43B314978}.Debug|x64.Build.0 = Debug|x64
		{5FD6C0F3-B280-4417-9E58-71E43B314978}.Debug|x86.ActiveCfg = Debug|Win32
		{5FD6C0F3-B280-4417-9E58-71E43B314978}.Debug|x86.Build.0 = Debug|Win32
		{5FD6C0F3-B280-4417-9E58-71E43B314978}.Release|x64.ActiveCfg = Release|x64
		{5FD6C0F3-B280-4417-9E58-71E43B314978}.Release|x64.Build.0 = Release|x64
		{5FD6C0F3-B280-4417-9E58-71E43B314978}.Release|x86.ActiveCfg = Release|Win32
		{5FD6C0F3-B280-4417-9E58-71E43B314978}.Release|x86.Build.0 = Release|Win32
		{5DC297FF-11E0-46DB-8A18-9BEC1EA1A854}.Debug|x64.ActiveCfg = Debug|x64
		{5DC297FF-11E0-46DB-8A18-9BEC1EA1A854}.Debug|x64.Build.0 = Debug|x64
		{5DC297FF-11E0-46DB-8A18-9BEC1EA1A854}.Debug|x86.ActiveCfg = Debug|Win32
		{5DC297FF-11E0-46DB-8A18-9BEC1EA1A854}.Debug|x86.Build.0 = Debug|Win32
		{5DC297FF-11E0-46DB-8A18-9BEC1EA1A854}.Release|x64.ActiveCfg = Release|x64
		{5DC297FF-11E0-46DB-8A18-9BEC1EA1A854}.Release|x64.Build.0 = Release|x64
		{5DC297FF-11E0-46DB-8A18-9BEC1EA1A854}.Release|x86.ActiveCfg = Release|Win32
		{5DC297FF-11E0-46DB-8A18-9BEC1EA1A854}.Release|x86.Build.0 = Release|Win32
		{313D84E1-9D77-453B-B9D0-08CD20D93F12}.Debug|x64.ActiveCfg = Debug|x64
		{313D84E1-9D77-453B-B9D0-08CD20D93F12}.Debug|x64.Build.0 = Debug|x64
		{313D84E1-9D77-453B-B9D0-08CD20D93F12}.Debug|x86.ActiveCfg = Debug|Win32
		{313D84E1-9D77-453B-B9D0-08CD20D93F12}.Debug|x86.Build.0 = Debug|Win32
		{313D84E1-9D77-453B-B9D0-08CD20D93F12}.Release|x64.ActiveCfg = Release|x64
		{313D84E1-9D77-453B-B9D0-08CD20D93F12}.Release|x64.Build.0 = Release|x64
		{313D84E1-9D77-453B-B9D0-08CD20D93F12}.Release|x86.ActiveCfg = Release|Win32
		{313D84E1-9D77-453B-B9D0-08CD20D93F12}.Release|x86.Build.0 = Release|Win32
		{9BC35D0D-ED02-4CBF-B392-48762BB288ED}.Debug|x64.ActiveCfg = Debug|x64
		{9BC35D0D-ED02-4CBF-B392-48762BB288ED}.Debug|x64.Build.0 = Debug|x64
		{9BC35D0D-ED02-4CBF-B392-48762BB288ED}.Debug|x86.ActiveCfg = Debug|Win32
		{9BC35D0D-ED02-4CBF-B392-48762BB288ED}.Debug|x86.Build.0 = Debug|Win32
		{9BC35D0D-ED02-4CBF-B392-48762BB288ED}.Release|x64.ActiveCfg = Release|x64
		{9BC35D0D-ED02-4CBF-B392-48762BB288ED}.Release|x64.Build.0 = Release|x64
		{9BC35D0D-ED02-4CBF-B392-48762BB288ED}.Release|x86.ActiveCfg = Release|Win32
		{9BC35D0D-ED02-4CBF-B392-48762BB288ED}.Release|x86.Build.0 = Release|Win32
	EndGlobalSection
	GlobalSection(SolutionProperties) = preSolution
		HideSolutionNode = FALSE
	EndGlobalSection
	GlobalSection(NestedProjects) = preSolution
		{EF8ACC5A-8877-43F2-B3A8-DC7D5DA0DF24} = {420330C2-5810-4509-AD42-2D11639B586C}
		{35B3FA3B-9DD8-4044-8E49-665ECCC929FC} = {22695843-1A92-4A2B-B1E1-F11188AEE058}
		{743ABC58-0DA9-473B-B388-14CA22F99620} = {22695843-1A92-4A2B-B1E1-F11188AEE058}
		{CA66E2C3-6131-4D1E-A5A8-01E05D30DD47} = {F0E01BA8-3EA0-4D60-9240-4DCFACE165B5}
		{605C9F1A-44EC-4601-A564-31638A5439E0} = {39CD0219-D464-4D0A-841D-484B2E197550}
		{CAF812D1-8509-4C20-8D73-0B60AEA0B114} = {39CD0219-D464-4D0A-841D-484B2E197550}
		{9AF9723C-7AC9-44D7-9E5B-CA06B108DAA8} = {39CD0219-D464-4D0A-841D-484B2E197550}
		{9C46E9C6-B861-44A2-92D2-0DE9C3A27F64} = {39CD0219-D464-4D0A-841D-484B2E197550}
		{D98C43B5-DEF8-40CB-82A5-C6AD82881A36} = {39CD0219-D464-4D0A-841D-484B2E197550}
		{B53342E4-D9BC-4EB9-AA76-ED5A8B615A84} = {39CD0219-D464-4D0A-841D-484B2E197550}
		{B59A4E8E-BC0D-47C8-8780-A3727B5A666B} = {F0E01BA8-3EA0-4D60-9240-4DCFACE165B5}
		{CF8C2512-A43C-4ED6-8E17-23C283C4B084} = {39CD0219-D464-4D0A-841D-484B2E197550}
		{53565E11-126C-4EE3-B847-F7926D9B5503} = {39CD0219-D464-4D0A-841D-484B2E197550}
		{0E64007A-88CD-4AE8-9A02-BE94182B2177} = {39CD0219-D464-4D0A-841D-484B2E197550}
		{C04F9C59-27F9-4EBF-88E1-239EC0763D5E} = {F0E01BA8-3EA0-4D60-9240-4DCFACE165B5}
		{EDAEA67E-A4B8-42E1-905A-E3F320F8C77A} = {39CD0219-D464-4D0A-841D-484B2E197550}
		{A4D08C49-C986-47CD-AB53-0F5E1956BE1E} = {39CD0219-D464-4D0A-841D-484B2E197550}
		{ADCF0C81-FCDD-4CA3-BF33-1CFAECE24980} = {22695843-1A92-4A2B-B1E1-F11188AEE058}
		{AEB4BC4E-F952-4424-ACAD-8DE7F3A57F97} = {22695843-1A92-4A2B-B1E1-F11188AEE058}
		{DEA2D3CB-A188-4218-BBBF-91EA77731A51} = {39CD0219-D464-4D0A-841D-484B2E197550}
		{21A86F6F-7A69-4C55-9695-C3E4C8E6C2B2} = {F0E01BA8-3EA0-4D60-9240-4DCFACE165B5}
		{AB7EDE78-71B8-45BF-9A2F-FFB4E4AF234B} = {39CD0219-D464-4D0A-841D-484B2E197550}
		{F0988B85-02E5-47C1-8B07-24387D8F8961} = {39CD0219-D464-4D0A-841D-484B2E197550}
		{5B191992-046D-40FD-8941-18746DE23E26} = {39CD0219-D464-4D0A-841D-484B2E197550}
		{EC8876F9-5AB2-49D9-A74E-280386C130AC} = {39CD0219-D464-4D0A-841D-484B2E197550}
		{DB29B60C-651F-4E96-BBF1-43CD4BCCF4D7} = {39CD0219-D464-4D0A-841D-484B2E197550}
		{0D6529DF-3FBC-4C69-90BA-6312CDF5821B} = {39CD0219-D464-4D0A-841D-484B2E197550}
		{A56F0945-05A5-4B1D-84EA-B71739834798} = {39CD0219-D464-4D0A-841D-484B2E197550}
		{A9B8A025-4266-42DE-9D49-9075616AD65F} = {39CD0219-D464-4D0A-841D-484B2E197550}
		{36D85808-F67E-4959-8314-1C59A12ED885} = {F0E01BA8-3EA0-4D60-9240-4DCFACE165B5}
		{E320EC40-3903-4279-95F1-8D4A4C8FA10C} = {39CD0219-D464-4D0A-841D-484B2E197550}
		{B6E019BE-4E85-4515-9D8E-24BA7C8BE318} = {39CD0219-D464-4D0A-841D-484B2E197550}
		{7A44DB43-AE39-493D-B987-56024E269329} = {39CD0219-D464-4D0A-841D-484B2E197550}
		{0A0FBD02-7EC8-4B93-BCAE-A98320738CDD} = {22695843-1A92-4A2B-B1E1-F11188AEE058}
		{33445BBA-E1DF-43AE-B83D-EEAF5658531A} = {39CD0219-D464-4D0A-841D-484B2E197550}
		{9C7C8670-09F3-4DE9-AE85-FB6237903ACD} = {39CD0219-D464-4D0A-841D-484B2E197550}
		{C845CE8B-48DA-4E58-87F4-57CDECCCF6BC} = {F0E01BA8-3EA0-4D60-9240-4DCFACE165B5}
		{98E6B278-298F-45DC-B5A3-E4837E358822} = {39CD0219-D464-4D0A-841D-484B2E197550}
		{93ED67CD-062D-466F-9AF1-A462E45EF354} = {39CD0219-D464-4D0A-841D-484B2E197550}
		{190E4207-FFB3-4DF6-9E5D-0E867B063E95} = {39CD0219-D464-4D0A-841D-484B2E197550}
		{53441E56-C70C-4A4B-828F-9A54DCD23A64} = {39CD0219-D464-4D0A-841D-484B2E197550}
		{63C7D431-2433-433C-AE15-D20FF3FBD8B0} = {39CD0219-D464-4D0A-841D-484B2E197550}
		{9B619232-753E-4432-BB97-1D04F9C64EDA} = {39CD0219-D464-4D0A-841D-484B2E197550}
		{E2B9876C-D759-4135-A52A-AE6882069BBF} = {39CD0219-D464-4D0A-841D-484B2E197550}
		{2A077EF2-5F2D-440A-B4D1-1684A16E5A84} = {39CD0219-D464-4D0A-841D-484B2E197550}
		{E4BA6CD0-B909-447F-B65C-A384D3080958} = {39CD0219-D464-4D0A-841D-484B2E197550}
		{E9CD56CE-AA4A-4B53-8990-BF653B896152} = {39CD0219-D464-4D0A-841D-484B2E197550}
		{D4818CD1-0BAA-42CF-AC2A-93A84F6FCA7B} = {39CD0219-D464-4D0A-841D-484B2E197550}
		{C9E28F79-F0AC-460D-8138-2DC60814BCCB} = {39CD0219-D464-4D0A-841D-484B2E197550}
		{98A56069-25CF-432A-827D-5285A023D651} = {39CD0219-D464-4D0A-841D-484B2E197550}
		{5FD6C0F3-B280-4417-9E58-71E43B314978} = {39CD0219-D464-4D0A-841D-484B2E197550}
		{5DC297FF-11E0-46DB-8A18-9BEC1EA1A854} = {39CD0219-D464-4D0A-841D-484B2E197550}
		{313D84E1-9D77-453B-B9D0-08CD20D93F12} = {39CD0219-D464-4D0A-841D-484B2E197550}
		{9BC35D0D-ED02-4CBF-B392-48762BB288ED} = {39CD0219-D464-4D0A-841D-484B2E197550}
	EndGlobalSection
EndGlobal
