
Microsoft Visual Studio Solution File, Format Version 12.00
# Visual Studio 14
VisualStudioVersion = 14.0.23107.0
MinimumVisualStudioVersion = 10.0.40219.1
Project("{8BC9CEB8-8B4A-11D0-8D11-00A0C91BC942}") = "OpenGL-Framework", "src\OpenGL-Framework\OpenGL-Framework.vcxproj", "{EF8ACC5A-8877-43F2-B3A8-DC7D5DA0DF24}"
EndProject
Project("{8BC9CEB8-8B4A-11D0-8D11-00A0C91BC942}") = "Triangle", "src\Triangle\Triangle.vcxproj", "{35B3FA3B-9DD8-4044-8E49-665ECCC929FC}"
EndProject
Project("{8BC9CEB8-8B4A-11D0-8D11-00A0C91BC942}") = "TessTriangle", "src\TessTriangle\TessTriangle.vcxproj", "{743ABC58-0DA9-473B-B388-14CA22F99620}"
EndProject
Project("{8BC9CEB8-8B4A-11D0-8D11-00A0C91BC942}") = "Grass", "src\Grass\Grass.vcxproj", "{CA66E2C3-6131-4D1E-A5A8-01E05D30DD47}"
EndProject
Project("{8BC9CEB8-8B4A-11D0-8D11-00A0C91BC942}") = "Water", "src\Water\Water.vcxproj", "{605C9F1A-44EC-4601-A564-31638A5439E0}"
EndProject
Project("{8BC9CEB8-8B4A-11D0-8D11-00A0C91BC942}") = "SkyBox", "src\SkyBox\SkyBox.vcxproj", "{CAF812D1-8509-4C20-8D73-0B60AEA0B114}"
EndProject
Project("{8BC9CEB8-8B4A-11D0-8D11-00A0C91BC942}") = "SSAO", "src\SSAO\SSAO.vcxproj", "{9AF9723C-7AC9-44D7-9E5B-CA06B108DAA8}"
EndProject
Project("{8BC9CEB8-8B4A-11D0-8D11-00A0C91BC942}") = "Shadow", "src\Shadow\Shadow.vcxproj", "{F4C73F4F-C6BA-496F-BCCC-CDA1BF518D33}"
EndProject
Project("{8BC9CEB8-8B4A-11D0-8D11-00A0C91BC942}") = "Ocene", "src\Ocene\Ocene.vcxproj", "{5FB76445-B28B-45FB-84E4-3BAFDF450AB9}"
EndProject
Project("{8BC9CEB8-8B4A-11D0-8D11-00A0C91BC942}") = "Hair", "src\Hair\Hair.vcxproj", "{9C46E9C6-B861-44A2-92D2-0DE9C3A27F64}"
EndProject
Project("{8BC9CEB8-8B4A-11D0-8D11-00A0C91BC942}") = "Instancing", "src\Instancing\Instancing.vcxproj", "{D98C43B5-DEF8-40CB-82A5-C6AD82881A36}"
EndProject
Project("{8BC9CEB8-8B4A-11D0-8D11-00A0C91BC942}") = "Island", "src\Island\Island.vcxproj", "{B53342E4-D9BC-4EB9-AA76-ED5A8B615A84}"
EndProject
Project("{8BC9CEB8-8B4A-11D0-8D11-00A0C91BC942}") = "Lighting", "src\Lighting\Lighting.vcxproj", "{B59A4E8E-BC0D-47C8-8780-A3727B5A666B}"
EndProject
Project("{8BC9CEB8-8B4A-11D0-8D11-00A0C91BC942}") = "Particle", "src\Particle\Particle.vcxproj", "{CF8C2512-A43C-4ED6-8E17-23C283C4B084}"
EndProject
Project("{8BC9CEB8-8B4A-11D0-8D11-00A0C91BC942}") = "PN-Triangle", "src\PN-Triangle\PN-Triangle.vcxproj", "{53565E11-126C-4EE3-B847-F7926D9B5503}"
EndProject
Project("{8BC9CEB8-8B4A-11D0-8D11-00A0C91BC942}") = "Transparency", "src\Transparency\Transparency.vcxproj", "{0E64007A-88CD-4AE8-9A02-BE94182B2177}"
EndProject
Project("{8BC9CEB8-8B4A-11D0-8D11-00A0C91BC942}") = "MeshLoad", "src\MeshLoad\MeshLoad.vcxproj", "{C04F9C59-27F9-4EBF-88E1-239EC0763D5E}"
EndProject
Project("{8BC9CEB8-8B4A-11D0-8D11-00A0C91BC942}") = "BSP", "src\BSP\BSP.vcxproj", "{EDAEA67E-A4B8-42E1-905A-E3F320F8C77A}"
EndProject
Project("{8BC9CEB8-8B4A-11D0-8D11-00A0C91BC942}") = "Smoke", "src\Smoke\Smoke.vcxproj", "{A4D08C49-C986-47CD-AB53-0F5E1956BE1E}"
EndProject
Global
	GlobalSection(SolutionConfigurationPlatforms) = preSolution
		Debug|x64 = Debug|x64
		Debug|x86 = Debug|x86
		Release|x64 = Release|x64
		Release|x86 = Release|x86
	EndGlobalSection
	GlobalSection(ProjectConfigurationPlatforms) = postSolution
		{EF8ACC5A-8877-43F2-B3A8-DC7D5DA0DF24}.Debug|x64.ActiveCfg = Debug|x64
		{EF8ACC5A-8877-43F2-B3A8-DC7D5DA0DF24}.Debug|x64.Build.0 = Debug|x64
		{EF8ACC5A-8877-43F2-B3A8-DC7D5DA0DF24}.Debug|x86.ActiveCfg = Debug|Win32
		{EF8ACC5A-8877-43F2-B3A8-DC7D5DA0DF24}.Debug|x86.Build.0 = Debug|Win32
		{EF8ACC5A-8877-43F2-B3A8-DC7D5DA0DF24}.Release|x64.ActiveCfg = Release|x64
		{EF8ACC5A-8877-43F2-B3A8-DC7D5DA0DF24}.Release|x64.Build.0 = Release|x64
		{EF8ACC5A-8877-43F2-B3A8-DC7D5DA0DF24}.Release|x86.ActiveCfg = Release|Win32
		{EF8ACC5A-8877-43F2-B3A8-DC7D5DA0DF24}.Release|x86.Build.0 = Release|Win32
		{35B3FA3B-9DD8-4044-8E49-665ECCC929FC}.Debug|x64.ActiveCfg = Debug|x64
		{35B3FA3B-9DD8-4044-8E49-665ECCC929FC}.Debug|x64.Build.0 = Debug|x64
		{35B3FA3B-9DD8-4044-8E49-665ECCC929FC}.Debug|x86.ActiveCfg = Debug|Win32
		{35B3FA3B-9DD8-4044-8E49-665ECCC929FC}.Debug|x86.Build.0 = Debug|Win32
		{35B3FA3B-9DD8-4044-8E49-665ECCC929FC}.Release|x64.ActiveCfg = Release|x64
		{35B3FA3B-9DD8-4044-8E49-665ECCC929FC}.Release|x64.Build.0 = Release|x64
		{35B3FA3B-9DD8-4044-8E49-665ECCC929FC}.Release|x86.ActiveCfg = Release|Win32
		{35B3FA3B-9DD8-4044-8E49-665ECCC929FC}.Release|x86.Build.0 = Release|Win32
		{743ABC58-0DA9-473B-B388-14CA22F99620}.Debug|x64.ActiveCfg = Debug|x64
		{743ABC58-0DA9-473B-B388-14CA22F99620}.Debug|x64.Build.0 = Debug|x64
		{743ABC58-0DA9-473B-B388-14CA22F99620}.Debug|x86.ActiveCfg = Debug|Win32
		{743ABC58-0DA9-473B-B388-14CA22F99620}.Debug|x86.Build.0 = Debug|Win32
		{743ABC58-0DA9-473B-B388-14CA22F99620}.Release|x64.ActiveCfg = Release|x64
		{743ABC58-0DA9-473B-B388-14CA22F99620}.Release|x64.Build.0 = Release|x64
		{743ABC58-0DA9-473B-B388-14CA22F99620}.Release|x86.ActiveCfg = Release|Win32
		{743ABC58-0DA9-473B-B388-14CA22F99620}.Release|x86.Build.0 = Release|Win32
		{CA66E2C3-6131-4D1E-A5A8-01E05D30DD47}.Debug|x64.ActiveCfg = Debug|x64
		{CA66E2C3-6131-4D1E-A5A8-01E05D30DD47}.Debug|x64.Build.0 = Debug|x64
		{CA66E2C3-6131-4D1E-A5A8-01E05D30DD47}.Debug|x86.ActiveCfg = Debug|Win32
		{CA66E2C3-6131-4D1E-A5A8-01E05D30DD47}.Debug|x86.Build.0 = Debug|Win32
		{CA66E2C3-6131-4D1E-A5A8-01E05D30DD47}.Release|x64.ActiveCfg = Release|x64
		{CA66E2C3-6131-4D1E-A5A8-01E05D30DD47}.Release|x64.Build.0 = Release|x64
		{CA66E2C3-6131-4D1E-A5A8-01E05D30DD47}.Release|x86.ActiveCfg = Release|Win32
		{CA66E2C3-6131-4D1E-A5A8-01E05D30DD47}.Release|x86.Build.0 = Release|Win32
		{605C9F1A-44EC-4601-A564-31638A5439E0}.Debug|x64.ActiveCfg = Debug|x64
		{605C9F1A-44EC-4601-A564-31638A5439E0}.Debug|x64.Build.0 = Debug|x64
		{605C9F1A-44EC-4601-A564-31638A5439E0}.Debug|x86.ActiveCfg = Debug|Win32
		{605C9F1A-44EC-4601-A564-31638A5439E0}.Debug|x86.Build.0 = Debug|Win32
		{605C9F1A-44EC-4601-A564-31638A5439E0}.Release|x64.ActiveCfg = Release|x64
		{605C9F1A-44EC-4601-A564-31638A5439E0}.Release|x64.Build.0 = Release|x64
		{605C9F1A-44EC-4601-A564-31638A5439E0}.Release|x86.ActiveCfg = Release|Win32
		{605C9F1A-44EC-4601-A564-31638A5439E0}.Release|x86.Build.0 = Release|Win32
		{CAF812D1-8509-4C20-8D73-0B60AEA0B114}.Debug|x64.ActiveCfg = Debug|x64
		{CAF812D1-8509-4C20-8D73-0B60AEA0B114}.Debug|x64.Build.0 = Debug|x64
		{CAF812D1-8509-4C20-8D73-0B60AEA0B114}.Debug|x86.ActiveCfg = Debug|Win32
		{CAF812D1-8509-4C20-8D73-0B60AEA0B114}.Debug|x86.Build.0 = Debug|Win32
		{CAF812D1-8509-4C20-8D73-0B60AEA0B114}.Release|x64.ActiveCfg = Release|x64
		{CAF812D1-8509-4C20-8D73-0B60AEA0B114}.Release|x64.Build.0 = Release|x64
		{CAF812D1-8509-4C20-8D73-0B60AEA0B114}.Release|x86.ActiveCfg = Release|Win32
		{CAF812D1-8509-4C20-8D73-0B60AEA0B114}.Release|x86.Build.0 = Release|Win32
		{9AF9723C-7AC9-44D7-9E5B-CA06B108DAA8}.Debug|x64.ActiveCfg = Debug|x64
		{9AF9723C-7AC9-44D7-9E5B-CA06B108DAA8}.Debug|x64.Build.0 = Debug|x64
		{9AF9723C-7AC9-44D7-9E5B-CA06B108DAA8}.Debug|x86.ActiveCfg = Debug|Win32
		{9AF9723C-7AC9-44D7-9E5B-CA06B108DAA8}.Debug|x86.Build.0 = Debug|Win32
		{9AF9723C-7AC9-44D7-9E5B-CA06B108DAA8}.Release|x64.ActiveCfg = Release|x64
		{9AF9723C-7AC9-44D7-9E5B-CA06B108DAA8}.Release|x64.Build.0 = Release|x64
		{9AF9723C-7AC9-44D7-9E5B-CA06B108DAA8}.Release|x86.ActiveCfg = Release|Win32
		{9AF9723C-7AC9-44D7-9E5B-CA06B108DAA8}.Release|x86.Build.0 = Release|Win32
		{F4C73F4F-C6BA-496F-BCCC-CDA1BF518D33}.Debug|x64.ActiveCfg = Debug|x64
		{F4C73F4F-C6BA-496F-BCCC-CDA1BF518D33}.Debug|x64.Build.0 = Debug|x64
		{F4C73F4F-C6BA-496F-BCCC-CDA1BF518D33}.Debug|x86.ActiveCfg = Debug|Win32
		{F4C73F4F-C6BA-496F-BCCC-CDA1BF518D33}.Debug|x86.Build.0 = Debug|Win32
		{F4C73F4F-C6BA-496F-BCCC-CDA1BF518D33}.Release|x64.ActiveCfg = Release|x64
		{F4C73F4F-C6BA-496F-BCCC-CDA1BF518D33}.Release|x64.Build.0 = Release|x64
		{F4C73F4F-C6BA-496F-BCCC-CDA1BF518D33}.Release|x86.ActiveCfg = Release|Win32
		{F4C73F4F-C6BA-496F-BCCC-CDA1BF518D33}.Release|x86.Build.0 = Release|Win32
		{5FB76445-B28B-45FB-84E4-3BAFDF450AB9}.Debug|x64.ActiveCfg = Debug|x64
		{5FB76445-B28B-45FB-84E4-3BAFDF450AB9}.Debug|x64.Build.0 = Debug|x64
		{5FB76445-B28B-45FB-84E4-3BAFDF450AB9}.Debug|x86.ActiveCfg = Debug|Win32
		{5FB76445-B28B-45FB-84E4-3BAFDF450AB9}.Debug|x86.Build.0 = Debug|Win32
		{5FB76445-B28B-45FB-84E4-3BAFDF450AB9}.Release|x64.ActiveCfg = Release|x64
		{5FB76445-B28B-45FB-84E4-3BAFDF450AB9}.Release|x64.Build.0 = Release|x64
		{5FB76445-B28B-45FB-84E4-3BAFDF450AB9}.Release|x86.ActiveCfg = Release|Win32
		{5FB76445-B28B-45FB-84E4-3BAFDF450AB9}.Release|x86.Build.0 = Release|Win32
		{9C46E9C6-B861-44A2-92D2-0DE9C3A27F64}.Debug|x64.ActiveCfg = Debug|x64
		{9C46E9C6-B861-44A2-92D2-0DE9C3A27F64}.Debug|x64.Build.0 = Debug|x64
		{9C46E9C6-B861-44A2-92D2-0DE9C3A27F64}.Debug|x86.ActiveCfg = Debug|Win32
		{9C46E9C6-B861-44A2-92D2-0DE9C3A27F64}.Debug|x86.Build.0 = Debug|Win32
		{9C46E9C6-B861-44A2-92D2-0DE9C3A27F64}.Release|x64.ActiveCfg = Release|x64
		{9C46E9C6-B861-44A2-92D2-0DE9C3A27F64}.Release|x64.Build.0 = Release|x64
		{9C46E9C6-B861-44A2-92D2-0DE9C3A27F64}.Release|x86.ActiveCfg = Release|Win32
		{9C46E9C6-B861-44A2-92D2-0DE9C3A27F64}.Release|x86.Build.0 = Release|Win32
		{D98C43B5-DEF8-40CB-82A5-C6AD82881A36}.Debug|x64.ActiveCfg = Debug|x64
		{D98C43B5-DEF8-40CB-82A5-C6AD82881A36}.Debug|x64.Build.0 = Debug|x64
		{D98C43B5-DEF8-40CB-82A5-C6AD82881A36}.Debug|x86.ActiveCfg = Debug|Win32
		{D98C43B5-DEF8-40CB-82A5-C6AD82881A36}.Debug|x86.Build.0 = Debug|Win32
		{D98C43B5-DEF8-40CB-82A5-C6AD82881A36}.Release|x64.ActiveCfg = Release|x64
		{D98C43B5-DEF8-40CB-82A5-C6AD82881A36}.Release|x64.Build.0 = Release|x64
		{D98C43B5-DEF8-40CB-82A5-C6AD82881A36}.Release|x86.ActiveCfg = Release|Win32
		{D98C43B5-DEF8-40CB-82A5-C6AD82881A36}.Release|x86.Build.0 = Release|Win32
		{B53342E4-D9BC-4EB9-AA76-ED5A8B615A84}.Debug|x64.ActiveCfg = Debug|x64
		{B53342E4-D9BC-4EB9-AA76-ED5A8B615A84}.Debug|x64.Build.0 = Debug|x64
		{B53342E4-D9BC-4EB9-AA76-ED5A8B615A84}.Debug|x86.ActiveCfg = Debug|Win32
		{B53342E4-D9BC-4EB9-AA76-ED5A8B615A84}.Debug|x86.Build.0 = Debug|Win32
		{B53342E4-D9BC-4EB9-AA76-ED5A8B615A84}.Release|x64.ActiveCfg = Release|x64
		{B53342E4-D9BC-4EB9-AA76-ED5A8B615A84}.Release|x64.Build.0 = Release|x64
		{B53342E4-D9BC-4EB9-AA76-ED5A8B615A84}.Release|x86.ActiveCfg = Release|Win32
		{B53342E4-D9BC-4EB9-AA76-ED5A8B615A84}.Release|x86.Build.0 = Release|Win32
		{B59A4E8E-BC0D-47C8-8780-A3727B5A666B}.Debug|x64.ActiveCfg = Debug|x64
		{B59A4E8E-BC0D-47C8-8780-A3727B5A666B}.Debug|x64.Build.0 = Debug|x64
		{B59A4E8E-BC0D-47C8-8780-A3727B5A666B}.Debug|x86.ActiveCfg = Debug|Win32
		{B59A4E8E-BC0D-47C8-8780-A3727B5A666B}.Debug|x86.Build.0 = Debug|Win32
		{B59A4E8E-BC0D-47C8-8780-A3727B5A666B}.Release|x64.ActiveCfg = Release|x64
		{B59A4E8E-BC0D-47C8-8780-A3727B5A666B}.Release|x64.Build.0 = Release|x64
		{B59A4E8E-BC0D-47C8-8780-A3727B5A666B}.Release|x86.ActiveCfg = Release|Win32
		{B59A4E8E-BC0D-47C8-8780-A3727B5A666B}.Release|x86.Build.0 = Release|Win32
		{CF8C2512-A43C-4ED6-8E17-23C283C4B084}.Debug|x64.ActiveCfg = Debug|x64
		{CF8C2512-A43C-4ED6-8E17-23C283C4B084}.Debug|x64.Build.0 = Debug|x64
		{CF8C2512-A43C-4ED6-8E17-23C283C4B084}.Debug|x86.ActiveCfg = Debug|Win32
		{CF8C2512-A43C-4ED6-8E17-23C283C4B084}.Debug|x86.Build.0 = Debug|Win32
		{CF8C2512-A43C-4ED6-8E17-23C283C4B084}.Release|x64.ActiveCfg = Release|x64
		{CF8C2512-A43C-4ED6-8E17-23C283C4B084}.Release|x64.Build.0 = Release|x64
		{CF8C2512-A43C-4ED6-8E17-23C283C4B084}.Release|x86.ActiveCfg = Release|Win32
		{CF8C2512-A43C-4ED6-8E17-23C283C4B084}.Release|x86.Build.0 = Release|Win32
		{53565E11-126C-4EE3-B847-F7926D9B5503}.Debug|x64.ActiveCfg = Debug|x64
		{53565E11-126C-4EE3-B847-F7926D9B5503}.Debug|x64.Build.0 = Debug|x64
		{53565E11-126C-4EE3-B847-F7926D9B5503}.Debug|x86.ActiveCfg = Debug|Win32
		{53565E11-126C-4EE3-B847-F7926D9B5503}.Debug|x86.Build.0 = Debug|Win32
		{53565E11-126C-4EE3-B847-F7926D9B5503}.Release|x64.ActiveCfg = Release|x64
		{53565E11-126C-4EE3-B847-F7926D9B5503}.Release|x64.Build.0 = Release|x64
		{53565E11-126C-4EE3-B847-F7926D9B5503}.Release|x86.ActiveCfg = Release|Win32
		{53565E11-126C-4EE3-B847-F7926D9B5503}.Release|x86.Build.0 = Release|Win32
		{0E64007A-88CD-4AE8-9A02-BE94182B2177}.Debug|x64.ActiveCfg = Debug|x64
		{0E64007A-88CD-4AE8-9A02-BE94182B2177}.Debug|x64.Build.0 = Debug|x64
		{0E64007A-88CD-4AE8-9A02-BE94182B2177}.Debug|x86.ActiveCfg = Debug|Win32
		{0E64007A-88CD-4AE8-9A02-BE94182B2177}.Debug|x86.Build.0 = Debug|Win32
		{0E64007A-88CD-4AE8-9A02-BE94182B2177}.Release|x64.ActiveCfg = Release|x64
		{0E64007A-88CD-4AE8-9A02-BE94182B2177}.Release|x64.Build.0 = Release|x64
		{0E64007A-88CD-4AE8-9A02-BE94182B2177}.Release|x86.ActiveCfg = Release|Win32
		{0E64007A-88CD-4AE8-9A02-BE94182B2177}.Release|x86.Build.0 = Release|Win32
		{C04F9C59-27F9-4EBF-88E1-239EC0763D5E}.Debug|x64.ActiveCfg = Debug|x64
		{C04F9C59-27F9-4EBF-88E1-239EC0763D5E}.Debug|x64.Build.0 = Debug|x64
		{C04F9C59-27F9-4EBF-88E1-239EC0763D5E}.Debug|x86.ActiveCfg = Debug|Win32
		{C04F9C59-27F9-4EBF-88E1-239EC0763D5E}.Debug|x86.Build.0 = Debug|Win32
		{C04F9C59-27F9-4EBF-88E1-239EC0763D5E}.Release|x64.ActiveCfg = Release|x64
		{C04F9C59-27F9-4EBF-88E1-239EC0763D5E}.Release|x64.Build.0 = Release|x64
		{C04F9C59-27F9-4EBF-88E1-239EC0763D5E}.Release|x86.ActiveCfg = Release|Win32
		{C04F9C59-27F9-4EBF-88E1-239EC0763D5E}.Release|x86.Build.0 = Release|Win32
		{EDAEA67E-A4B8-42E1-905A-E3F320F8C77A}.Debug|x64.ActiveCfg = Debug|x64
		{EDAEA67E-A4B8-42E1-905A-E3F320F8C77A}.Debug|x64.Build.0 = Debug|x64
		{EDAEA67E-A4B8-42E1-905A-E3F320F8C77A}.Debug|x86.ActiveCfg = Debug|Win32
		{EDAEA67E-A4B8-42E1-905A-E3F320F8C77A}.Debug|x86.Build.0 = Debug|Win32
		{EDAEA67E-A4B8-42E1-905A-E3F320F8C77A}.Release|x64.ActiveCfg = Release|x64
		{EDAEA67E-A4B8-42E1-905A-E3F320F8C77A}.Release|x64.Build.0 = Release|x64
		{EDAEA67E-A4B8-42E1-905A-E3F320F8C77A}.Release|x86.ActiveCfg = Release|Win32
		{EDAEA67E-A4B8-42E1-905A-E3F320F8C77A}.Release|x86.Build.0 = Release|Win32
		{A4D08C49-C986-47CD-AB53-0F5E1956BE1E}.Debug|x64.ActiveCfg = Debug|x64
		{A4D08C49-C986-47CD-AB53-0F5E1956BE1E}.Debug|x64.Build.0 = Debug|x64
		{A4D08C49-C986-47CD-AB53-0F5E1956BE1E}.Debug|x86.ActiveCfg = Debug|Win32
		{A4D08C49-C986-47CD-AB53-0F5E1956BE1E}.Debug|x86.Build.0 = Debug|Win32
		{A4D08C49-C986-47CD-AB53-0F5E1956BE1E}.Release|x64.ActiveCfg = Release|x64
		{A4D08C49-C986-47CD-AB53-0F5E1956BE1E}.Release|x64.Build.0 = Release|x64
		{A4D08C49-C986-47CD-AB53-0F5E1956BE1E}.Release|x86.ActiveCfg = Release|Win32
		{A4D08C49-C986-47CD-AB53-0F5E1956BE1E}.Release|x86.Build.0 = Release|Win32
	EndGlobalSection
	GlobalSection(SolutionProperties) = preSolution
		HideSolutionNode = FALSE
	EndGlobalSection
EndGlobal
